
Microsoft Visual Studio Solution File, Format Version 12.00
# Visual Studio 15
VisualStudioVersion = 15.0.26124.0
MinimumVisualStudioVersion = 15.0.26124.0
Project("{FAE04EC0-301F-11D3-BF4B-00C04F79EFBC}") = "Web_API", "Web_API\Web_API.csproj", "{4ED3566E-2B59-4238-816D-49BEC2B8651B}"
EndProject
Project("{FAE04EC0-301F-11D3-BF4B-00C04F79EFBC}") = "Persistence_Layer", "Persistence_Layer\Persistence_Layer.csproj", "{8649DFD0-2BA0-4ED5-A9E0-B62BCBDCD14D}"
EndProject
Global
	GlobalSection(SolutionConfigurationPlatforms) = preSolution
		Debug|Any CPU = Debug|Any CPU
		Debug|x64 = Debug|x64
		Debug|x86 = Debug|x86
		Release|Any CPU = Release|Any CPU
		Release|x64 = Release|x64
		Release|x86 = Release|x86
	EndGlobalSection
	GlobalSection(SolutionProperties) = preSolution
		HideSolutionNode = FALSE
	EndGlobalSection
	GlobalSection(ProjectConfigurationPlatforms) = postSolution
		{4ED3566E-2B59-4238-816D-49BEC2B8651B}.Debug|Any CPU.ActiveCfg = Debug|Any CPU
		{4ED3566E-2B59-4238-816D-49BEC2B8651B}.Debug|Any CPU.Build.0 = Debug|Any CPU
		{4ED3566E-2B59-4238-816D-49BEC2B8651B}.Debug|x64.ActiveCfg = Debug|Any CPU
		{4ED3566E-2B59-4238-816D-49BEC2B8651B}.Debug|x64.Build.0 = Debug|Any CPU
		{4ED3566E-2B59-4238-816D-49BEC2B8651B}.Debug|x86.ActiveCfg = Debug|Any CPU
		{4ED3566E-2B59-4238-816D-49BEC2B8651B}.Debug|x86.Build.0 = Debug|Any CPU
		{4ED3566E-2B59-4238-816D-49BEC2B8651B}.Release|Any CPU.ActiveCfg = Release|Any CPU
		{4ED3566E-2B59-4238-816D-49BEC2B8651B}.Release|Any CPU.Build.0 = Release|Any CPU
		{4ED3566E-2B59-4238-816D-49BEC2B8651B}.Release|x64.ActiveCfg = Release|Any CPU
		{4ED3566E-2B59-4238-816D-49BEC2B8651B}.Release|x64.Build.0 = Release|Any CPU
		{4ED3566E-2B59-4238-816D-49BEC2B8651B}.Release|x86.ActiveCfg = Release|Any CPU
		{4ED3566E-2B59-4238-816D-49BEC2B8651B}.Release|x86.Build.0 = Release|Any CPU
		{8649DFD0-2BA0-4ED5-A9E0-B62BCBDCD14D}.Debug|Any CPU.ActiveCfg = Debug|Any CPU
		{8649DFD0-2BA0-4ED5-A9E0-B62BCBDCD14D}.Debug|Any CPU.Build.0 = Debug|Any CPU
		{8649DFD0-2BA0-4ED5-A9E0-B62BCBDCD14D}.Debug|x64.ActiveCfg = Debug|Any CPU
		{8649DFD0-2BA0-4ED5-A9E0-B62BCBDCD14D}.Debug|x64.Build.0 = Debug|Any CPU
		{8649DFD0-2BA0-4ED5-A9E0-B62BCBDCD14D}.Debug|x86.ActiveCfg = Debug|Any CPU
		{8649DFD0-2BA0-4ED5-A9E0-B62BCBDCD14D}.Debug|x86.Build.0 = Debug|Any CPU
		{8649DFD0-2BA0-4ED5-A9E0-B62BCBDCD14D}.Release|Any CPU.ActiveCfg = Release|Any CPU
		{8649DFD0-2BA0-4ED5-A9E0-B62BCBDCD14D}.Release|Any CPU.Build.0 = Release|Any CPU
		{8649DFD0-2BA0-4ED5-A9E0-B62BCBDCD14D}.Release|x64.ActiveCfg = Release|Any CPU
		{8649DFD0-2BA0-4ED5-A9E0-B62BCBDCD14D}.Release|x64.Build.0 = Release|Any CPU
		{8649DFD0-2BA0-4ED5-A9E0-B62BCBDCD14D}.Release|x86.ActiveCfg = Release|Any CPU
		{8649DFD0-2BA0-4ED5-A9E0-B62BCBDCD14D}.Release|x86.Build.0 = Release|Any CPU
	EndGlobalSection
EndGlobal
